
Microsoft Visual Studio Solution File, Format Version 12.00
# Visual Studio Version 17
VisualStudioVersion = 17.0.31919.166
MinimumVisualStudioVersion = 10.0.40219.1
Project("{FAE04EC0-301F-11D3-BF4B-00C04F79EFBC}") = "PrefixSuffixRadix", "PrefixSuffixRadix\PrefixSuffixRadix.csproj", "{20649180-DA7C-4B26-AF54-EFE41FDBB48E}"
EndProject
Global
	GlobalSection(SolutionConfigurationPlatforms) = preSolution
		Debug|Any CPU = Debug|Any CPU
		Release|Any CPU = Release|Any CPU
	EndGlobalSection
	GlobalSection(ProjectConfigurationPlatforms) = postSolution
		{20649180-DA7C-4B26-AF54-EFE41FDBB48E}.Debug|Any CPU.ActiveCfg = Debug|Any CPU
		{20649180-DA7C-4B26-AF54-EFE41FDBB48E}.Debug|Any CPU.Build.0 = Debug|Any CPU
		{20649180-DA7C-4B26-AF54-EFE41FDBB48E}.Release|Any CPU.ActiveCfg = Release|Any CPU
		{20649180-DA7C-4B26-AF54-EFE41FDBB48E}.Release|Any CPU.Build.0 = Release|Any CPU
	EndGlobalSection
	GlobalSection(SolutionProperties) = preSolution
		HideSolutionNode = FALSE
	EndGlobalSection
	GlobalSection(ExtensibilityGlobals) = postSolution
		SolutionGuid = {02979CCA-8A80-4294-91BB-FBB4D0CAC9D7}
	EndGlobalSection
EndGlobal
